// !$*UTF8*$!
{
	archiveVersion = 1;
	classes = {
	};
	objectVersion = 50;
	objects = {

/* Begin PBXBuildFile section */
		5705571A262C5EA1004A1FE3 /* FontFaceApp.swift in Sources */ = {isa = PBXBuildFile; fileRef = 57055707262C5EA0004A1FE3 /* FontFaceApp.swift */; };
		5705571B262C5EA1004A1FE3 /* FontFaceApp.swift in Sources */ = {isa = PBXBuildFile; fileRef = 57055707262C5EA0004A1FE3 /* FontFaceApp.swift */; };
		5705571C262C5EA1004A1FE3 /* ContentView.swift in Sources */ = {isa = PBXBuildFile; fileRef = 57055708262C5EA0004A1FE3 /* ContentView.swift */; };
		5705571D262C5EA1004A1FE3 /* ContentView.swift in Sources */ = {isa = PBXBuildFile; fileRef = 57055708262C5EA0004A1FE3 /* ContentView.swift */; };
		5705571E262C5EA1004A1FE3 /* Assets.xcassets in Resources */ = {isa = PBXBuildFile; fileRef = 57055709262C5EA1004A1FE3 /* Assets.xcassets */; };
		5705571F262C5EA1004A1FE3 /* Assets.xcassets in Resources */ = {isa = PBXBuildFile; fileRef = 57055709262C5EA1004A1FE3 /* Assets.xcassets */; };
		5705572E262C5F8B004A1FE3 /* FontModel.swift in Sources */ = {isa = PBXBuildFile; fileRef = 5705572D262C5F8B004A1FE3 /* FontModel.swift */; };
		57055733262C602A004A1FE3 /* CharacterCellView.swift in Sources */ = {isa = PBXBuildFile; fileRef = 57055732262C602A004A1FE3 /* CharacterCellView.swift */; };
		5705573A262C61DF004A1FE3 /* NSCharacterSetExtension.swift in Sources */ = {isa = PBXBuildFile; fileRef = 57055739262C61DF004A1FE3 /* NSCharacterSetExtension.swift */; };
/* End PBXBuildFile section */

/* Begin PBXFileReference section */
		57055707262C5EA0004A1FE3 /* FontFaceApp.swift */ = {isa = PBXFileReference; lastKnownFileType = sourcecode.swift; path = FontFaceApp.swift; sourceTree = "<group>"; };
		57055708262C5EA0004A1FE3 /* ContentView.swift */ = {isa = PBXFileReference; lastKnownFileType = sourcecode.swift; path = ContentView.swift; sourceTree = "<group>"; };
		57055709262C5EA1004A1FE3 /* Assets.xcassets */ = {isa = PBXFileReference; lastKnownFileType = folder.assetcatalog; path = Assets.xcassets; sourceTree = "<group>"; };
		5705570E262C5EA1004A1FE3 /* FontFace.app */ = {isa = PBXFileReference; explicitFileType = wrapper.application; includeInIndex = 0; path = FontFace.app; sourceTree = BUILT_PRODUCTS_DIR; };
		57055711262C5EA1004A1FE3 /* Info.plist */ = {isa = PBXFileReference; lastKnownFileType = text.plist.xml; path = Info.plist; sourceTree = "<group>"; };
		57055716262C5EA1004A1FE3 /* FontFace.app */ = {isa = PBXFileReference; explicitFileType = wrapper.application; includeInIndex = 0; path = FontFace.app; sourceTree = BUILT_PRODUCTS_DIR; };
		57055718262C5EA1004A1FE3 /* Info.plist */ = {isa = PBXFileReference; lastKnownFileType = text.plist.xml; path = Info.plist; sourceTree = "<group>"; };
		57055719262C5EA1004A1FE3 /* macOS.entitlements */ = {isa = PBXFileReference; lastKnownFileType = text.plist.entitlements; path = macOS.entitlements; sourceTree = "<group>"; };
		5705572D262C5F8B004A1FE3 /* FontModel.swift */ = {isa = PBXFileReference; lastKnownFileType = sourcecode.swift; path = FontModel.swift; sourceTree = "<group>"; };
		57055732262C602A004A1FE3 /* CharacterCellView.swift */ = {isa = PBXFileReference; lastKnownFileType = sourcecode.swift; path = CharacterCellView.swift; sourceTree = "<group>"; };
		57055739262C61DF004A1FE3 /* NSCharacterSetExtension.swift */ = {isa = PBXFileReference; lastKnownFileType = sourcecode.swift; path = NSCharacterSetExtension.swift; sourceTree = "<group>"; };
/* End PBXFileReference section */

/* Begin PBXFrameworksBuildPhase section */
		5705570B262C5EA1004A1FE3 /* Frameworks */ = {
			isa = PBXFrameworksBuildPhase;
			buildActionMask = 2147483647;
			files = (
			);
			runOnlyForDeploymentPostprocessing = 0;
		};
		57055713262C5EA1004A1FE3 /* Frameworks */ = {
			isa = PBXFrameworksBuildPhase;
			buildActionMask = 2147483647;
			files = (
			);
			runOnlyForDeploymentPostprocessing = 0;
		};
/* End PBXFrameworksBuildPhase section */

/* Begin PBXGroup section */
		57055701262C5E9F004A1FE3 = {
			isa = PBXGroup;
			children = (
				57055706262C5EA0004A1FE3 /* Shared */,
				57055710262C5EA1004A1FE3 /* iOS */,
				57055717262C5EA1004A1FE3 /* macOS */,
				5705570F262C5EA1004A1FE3 /* Products */,
			);
			sourceTree = "<group>";
		};
		57055706262C5EA0004A1FE3 /* Shared */ = {
			isa = PBXGroup;
			children = (
				57055738262C61CF004A1FE3 /* Utils */,
				57055731262C600D004A1FE3 /* View */,
				5705572C262C5F4D004A1FE3 /* Model */,
				57055707262C5EA0004A1FE3 /* FontFaceApp.swift */,
				57055708262C5EA0004A1FE3 /* ContentView.swift */,
				57055709262C5EA1004A1FE3 /* Assets.xcassets */,
			);
			path = Shared;
			sourceTree = "<group>";
		};
		5705570F262C5EA1004A1FE3 /* Products */ = {
			isa = PBXGroup;
			children = (
				5705570E262C5EA1004A1FE3 /* FontFace.app */,
				57055716262C5EA1004A1FE3 /* FontFace.app */,
			);
			name = Products;
			sourceTree = "<group>";
		};
		57055710262C5EA1004A1FE3 /* iOS */ = {
			isa = PBXGroup;
			children = (
				57055711262C5EA1004A1FE3 /* Info.plist */,
			);
			path = iOS;
			sourceTree = "<group>";
		};
		57055717262C5EA1004A1FE3 /* macOS */ = {
			isa = PBXGroup;
			children = (
				57055718262C5EA1004A1FE3 /* Info.plist */,
				57055719262C5EA1004A1FE3 /* macOS.entitlements */,
			);
			path = macOS;
			sourceTree = "<group>";
		};
		5705572C262C5F4D004A1FE3 /* Model */ = {
			isa = PBXGroup;
			children = (
				5705572D262C5F8B004A1FE3 /* FontModel.swift */,
			);
			path = Model;
			sourceTree = "<group>";
		};
		57055731262C600D004A1FE3 /* View */ = {
			isa = PBXGroup;
			children = (
				57055732262C602A004A1FE3 /* CharacterCellView.swift */,
			);
			path = View;
			sourceTree = "<group>";
		};
		57055738262C61CF004A1FE3 /* Utils */ = {
			isa = PBXGroup;
			children = (
				57055739262C61DF004A1FE3 /* NSCharacterSetExtension.swift */,
			);
			path = Utils;
			sourceTree = "<group>";
		};
/* End PBXGroup section */

/* Begin PBXNativeTarget section */
		5705570D262C5EA1004A1FE3 /* FontFace (iOS) */ = {
			isa = PBXNativeTarget;
			buildConfigurationList = 57055722262C5EA1004A1FE3 /* Build configuration list for PBXNativeTarget "FontFace (iOS)" */;
			buildPhases = (
				5705570A262C5EA1004A1FE3 /* Sources */,
				5705570B262C5EA1004A1FE3 /* Frameworks */,
				5705570C262C5EA1004A1FE3 /* Resources */,
			);
			buildRules = (
			);
			dependencies = (
			);
			name = "FontFace (iOS)";
			productName = "FontFace (iOS)";
			productReference = 5705570E262C5EA1004A1FE3 /* FontFace.app */;
			productType = "com.apple.product-type.application";
		};
		57055715262C5EA1004A1FE3 /* FontFace (macOS) */ = {
			isa = PBXNativeTarget;
			buildConfigurationList = 57055725262C5EA1004A1FE3 /* Build configuration list for PBXNativeTarget "FontFace (macOS)" */;
			buildPhases = (
				57055712262C5EA1004A1FE3 /* Sources */,
				57055713262C5EA1004A1FE3 /* Frameworks */,
				57055714262C5EA1004A1FE3 /* Resources */,
			);
			buildRules = (
			);
			dependencies = (
			);
			name = "FontFace (macOS)";
			productName = "FontFace (macOS)";
			productReference = 57055716262C5EA1004A1FE3 /* FontFace.app */;
			productType = "com.apple.product-type.application";
		};
/* End PBXNativeTarget section */

/* Begin PBXProject section */
		57055702262C5E9F004A1FE3 /* Project object */ = {
			isa = PBXProject;
			attributes = {
				LastSwiftUpdateCheck = 1240;
				LastUpgradeCheck = 1240;
				TargetAttributes = {
					5705570D262C5EA1004A1FE3 = {
						CreatedOnToolsVersion = 12.4;
					};
					57055715262C5EA1004A1FE3 = {
						CreatedOnToolsVersion = 12.4;
					};
				};
			};
			buildConfigurationList = 57055705262C5E9F004A1FE3 /* Build configuration list for PBXProject "FontFace" */;
			compatibilityVersion = "Xcode 9.3";
			developmentRegion = en;
			hasScannedForEncodings = 0;
			knownRegions = (
				en,
				Base,
			);
			mainGroup = 57055701262C5E9F004A1FE3;
			productRefGroup = 5705570F262C5EA1004A1FE3 /* Products */;
			projectDirPath = "";
			projectRoot = "";
			targets = (
				5705570D262C5EA1004A1FE3 /* FontFace (iOS) */,
				57055715262C5EA1004A1FE3 /* FontFace (macOS) */,
			);
		};
/* End PBXProject section */

/* Begin PBXResourcesBuildPhase section */
		5705570C262C5EA1004A1FE3 /* Resources */ = {
			isa = PBXResourcesBuildPhase;
			buildActionMask = 2147483647;
			files = (
				5705571E262C5EA1004A1FE3 /* Assets.xcassets in Resources */,
			);
			runOnlyForDeploymentPostprocessing = 0;
		};
		57055714262C5EA1004A1FE3 /* Resources */ = {
			isa = PBXResourcesBuildPhase;
			buildActionMask = 2147483647;
			files = (
				5705571F262C5EA1004A1FE3 /* Assets.xcassets in Resources */,
			);
			runOnlyForDeploymentPostprocessing = 0;
		};
/* End PBXResourcesBuildPhase section */

/* Begin PBXSourcesBuildPhase section */
		5705570A262C5EA1004A1FE3 /* Sources */ = {
			isa = PBXSourcesBuildPhase;
			buildActionMask = 2147483647;
			files = (
				5705571C262C5EA1004A1FE3 /* ContentView.swift in Sources */,
				5705571A262C5EA1004A1FE3 /* FontFaceApp.swift in Sources */,
			);
			runOnlyForDeploymentPostprocessing = 0;
		};
		57055712262C5EA1004A1FE3 /* Sources */ = {
			isa = PBXSourcesBuildPhase;
			buildActionMask = 2147483647;
			files = (
				5705571D262C5EA1004A1FE3 /* ContentView.swift in Sources */,
				5705571B262C5EA1004A1FE3 /* FontFaceApp.swift in Sources */,
				5705572E262C5F8B004A1FE3 /* FontModel.swift in Sources */,
				5705573A262C61DF004A1FE3 /* NSCharacterSetExtension.swift in Sources */,
				57055733262C602A004A1FE3 /* CharacterCellView.swift in Sources */,
			);
			runOnlyForDeploymentPostprocessing = 0;
		};
/* End PBXSourcesBuildPhase section */

/* Begin XCBuildConfiguration section */
		57055720262C5EA1004A1FE3 /* Debug */ = {
			isa = XCBuildConfiguration;
			buildSettings = {
				ALWAYS_SEARCH_USER_PATHS = NO;
				CLANG_ANALYZER_NONNULL = YES;
				CLANG_ANALYZER_NUMBER_OBJECT_CONVERSION = YES_AGGRESSIVE;
				CLANG_CXX_LANGUAGE_STANDARD = "gnu++14";
				CLANG_CXX_LIBRARY = "libc++";
				CLANG_ENABLE_MODULES = YES;
				CLANG_ENABLE_OBJC_ARC = YES;
				CLANG_ENABLE_OBJC_WEAK = YES;
				CLANG_WARN_BLOCK_CAPTURE_AUTORELEASING = YES;
				CLANG_WARN_BOOL_CONVERSION = YES;
				CLANG_WARN_COMMA = YES;
				CLANG_WARN_CONSTANT_CONVERSION = YES;
				CLANG_WARN_DEPRECATED_OBJC_IMPLEMENTATIONS = YES;
				CLANG_WARN_DIRECT_OBJC_ISA_USAGE = YES_ERROR;
				CLANG_WARN_DOCUMENTATION_COMMENTS = YES;
				CLANG_WARN_EMPTY_BODY = YES;
				CLANG_WARN_ENUM_CONVERSION = YES;
				CLANG_WARN_INFINITE_RECURSION = YES;
				CLANG_WARN_INT_CONVERSION = YES;
				CLANG_WARN_NON_LITERAL_NULL_CONVERSION = YES;
				CLANG_WARN_OBJC_IMPLICIT_RETAIN_SELF = YES;
				CLANG_WARN_OBJC_LITERAL_CONVERSION = YES;
				CLANG_WARN_OBJC_ROOT_CLASS = YES_ERROR;
				CLANG_WARN_QUOTED_INCLUDE_IN_FRAMEWORK_HEADER = YES;
				CLANG_WARN_RANGE_LOOP_ANALYSIS = YES;
				CLANG_WARN_STRICT_PROTOTYPES = YES;
				CLANG_WARN_SUSPICIOUS_MOVE = YES;
				CLANG_WARN_UNGUARDED_AVAILABILITY = YES_AGGRESSIVE;
				CLANG_WARN_UNREACHABLE_CODE = YES;
				CLANG_WARN__DUPLICATE_METHOD_MATCH = YES;
				COPY_PHASE_STRIP = NO;
				DEBUG_INFORMATION_FORMAT = dwarf;
				ENABLE_STRICT_OBJC_MSGSEND = YES;
				ENABLE_TESTABILITY = YES;
				GCC_C_LANGUAGE_STANDARD = gnu11;
				GCC_DYNAMIC_NO_PIC = NO;
				GCC_NO_COMMON_BLOCKS = YES;
				GCC_OPTIMIZATION_LEVEL = 0;
				GCC_PREPROCESSOR_DEFINITIONS = (
					"DEBUG=1",
					"$(inherited)",
				);
				GCC_WARN_64_TO_32_BIT_CONVERSION = YES;
				GCC_WARN_ABOUT_RETURN_TYPE = YES_ERROR;
				GCC_WARN_UNDECLARED_SELECTOR = YES;
				GCC_WARN_UNINITIALIZED_AUTOS = YES_AGGRESSIVE;
				GCC_WARN_UNUSED_FUNCTION = YES;
				GCC_WARN_UNUSED_VARIABLE = YES;
				MTL_ENABLE_DEBUG_INFO = INCLUDE_SOURCE;
				MTL_FAST_MATH = YES;
				ONLY_ACTIVE_ARCH = YES;
				SWIFT_ACTIVE_COMPILATION_CONDITIONS = DEBUG;
				SWIFT_OPTIMIZATION_LEVEL = "-Onone";
			};
			name = Debug;
		};
		57055721262C5EA1004A1FE3 /* Release */ = {
			isa = XCBuildConfiguration;
			buildSettings = {
				ALWAYS_SEARCH_USER_PATHS = NO;
				CLANG_ANALYZER_NONNULL = YES;
				CLANG_ANALYZER_NUMBER_OBJECT_CONVERSION = YES_AGGRESSIVE;
				CLANG_CXX_LANGUAGE_STANDARD = "gnu++14";
				CLANG_CXX_LIBRARY = "libc++";
				CLANG_ENABLE_MODULES = YES;
				CLANG_ENABLE_OBJC_ARC = YES;
				CLANG_ENABLE_OBJC_WEAK = YES;
				CLANG_WARN_BLOCK_CAPTURE_AUTORELEASING = YES;
				CLANG_WARN_BOOL_CONVERSION = YES;
				CLANG_WARN_COMMA = YES;
				CLANG_WARN_CONSTANT_CONVERSION = YES;
				CLANG_WARN_DEPRECATED_OBJC_IMPLEMENTATIONS = YES;
				CLANG_WARN_DIRECT_OBJC_ISA_USAGE = YES_ERROR;
				CLANG_WARN_DOCUMENTATION_COMMENTS = YES;
				CLANG_WARN_EMPTY_BODY = YES;
				CLANG_WARN_ENUM_CONVERSION = YES;
				CLANG_WARN_INFINITE_RECURSION = YES;
				CLANG_WARN_INT_CONVERSION = YES;
				CLANG_WARN_NON_LITERAL_NULL_CONVERSION = YES;
				CLANG_WARN_OBJC_IMPLICIT_RETAIN_SELF = YES;
				CLANG_WARN_OBJC_LITERAL_CONVERSION = YES;
				CLANG_WARN_OBJC_ROOT_CLASS = YES_ERROR;
				CLANG_WARN_QUOTED_INCLUDE_IN_FRAMEWORK_HEADER = YES;
				CLANG_WARN_RANGE_LOOP_ANALYSIS = YES;
				CLANG_WARN_STRICT_PROTOTYPES = YES;
				CLANG_WARN_SUSPICIOUS_MOVE = YES;
				CLANG_WARN_UNGUARDED_AVAILABILITY = YES_AGGRESSIVE;
				CLANG_WARN_UNREACHABLE_CODE = YES;
				CLANG_WARN__DUPLICATE_METHOD_MATCH = YES;
				COPY_PHASE_STRIP = NO;
				DEBUG_INFORMATION_FORMAT = "dwarf-with-dsym";
				ENABLE_NS_ASSERTIONS = NO;
				ENABLE_STRICT_OBJC_MSGSEND = YES;
				GCC_C_LANGUAGE_STANDARD = gnu11;
				GCC_NO_COMMON_BLOCKS = YES;
				GCC_WARN_64_TO_32_BIT_CONVERSION = YES;
				GCC_WARN_ABOUT_RETURN_TYPE = YES_ERROR;
				GCC_WARN_UNDECLARED_SELECTOR = YES;
				GCC_WARN_UNINITIALIZED_AUTOS = YES_AGGRESSIVE;
				GCC_WARN_UNUSED_FUNCTION = YES;
				GCC_WARN_UNUSED_VARIABLE = YES;
				MTL_ENABLE_DEBUG_INFO = NO;
				MTL_FAST_MATH = YES;
				SWIFT_COMPILATION_MODE = wholemodule;
				SWIFT_OPTIMIZATION_LEVEL = "-O";
			};
			name = Release;
		};
		57055723262C5EA1004A1FE3 /* Debug */ = {
			isa = XCBuildConfiguration;
			buildSettings = {
				ASSETCATALOG_COMPILER_APPICON_NAME = AppIcon;
				ASSETCATALOG_COMPILER_GLOBAL_ACCENT_COLOR_NAME = AccentColor;
				CODE_SIGN_STYLE = Automatic;
				DEVELOPMENT_TEAM = XE778GA928;
				ENABLE_PREVIEWS = YES;
				INFOPLIST_FILE = iOS/Info.plist;
				IPHONEOS_DEPLOYMENT_TARGET = 14.0;
				LD_RUNPATH_SEARCH_PATHS = (
					"$(inherited)",
					"@executable_path/Frameworks",
				);
				PRODUCT_BUNDLE_IDENTIFIER = com.akring.FontFace;
				PRODUCT_NAME = FontFace;
				SDKROOT = iphoneos;
				SWIFT_VERSION = 5.0;
				TARGETED_DEVICE_FAMILY = "1,2";
			};
			name = Debug;
		};
		57055724262C5EA1004A1FE3 /* Release */ = {
			isa = XCBuildConfiguration;
			buildSettings = {
				ASSETCATALOG_COMPILER_APPICON_NAME = AppIcon;
				ASSETCATALOG_COMPILER_GLOBAL_ACCENT_COLOR_NAME = AccentColor;
				CODE_SIGN_STYLE = Automatic;
				DEVELOPMENT_TEAM = XE778GA928;
				ENABLE_PREVIEWS = YES;
				INFOPLIST_FILE = iOS/Info.plist;
				IPHONEOS_DEPLOYMENT_TARGET = 14.0;
				LD_RUNPATH_SEARCH_PATHS = (
					"$(inherited)",
					"@executable_path/Frameworks",
				);
				PRODUCT_BUNDLE_IDENTIFIER = com.akring.FontFace;
				PRODUCT_NAME = FontFace;
				SDKROOT = iphoneos;
				SWIFT_VERSION = 5.0;
				TARGETED_DEVICE_FAMILY = "1,2";
				VALIDATE_PRODUCT = YES;
			};
			name = Release;
		};
		57055726262C5EA1004A1FE3 /* Debug */ = {
			isa = XCBuildConfiguration;
			buildSettings = {
				ASSETCATALOG_COMPILER_APPICON_NAME = AppIcon;
				ASSETCATALOG_COMPILER_GLOBAL_ACCENT_COLOR_NAME = AccentColor;
				CODE_SIGN_ENTITLEMENTS = macOS/macOS.entitlements;
				CODE_SIGN_STYLE = Automatic;
				COMBINE_HIDPI_IMAGES = YES;
				DEVELOPMENT_TEAM = XE778GA928;
				ENABLE_HARDENED_RUNTIME = YES;
				ENABLE_PREVIEWS = YES;
				INFOPLIST_FILE = macOS/Info.plist;
				LD_RUNPATH_SEARCH_PATHS = (
					"$(inherited)",
					"@executable_path/../Frameworks",
				);
				MACOSX_DEPLOYMENT_TARGET = 11.0;
				PRODUCT_BUNDLE_IDENTIFIER = com.akring.FontFace;
				PRODUCT_NAME = FontFace;
				SDKROOT = macosx;
				SWIFT_VERSION = 5.0;
			};
			name = Debug;
		};
		57055727262C5EA1004A1FE3 /* Release */ = {
			isa = XCBuildConfiguration;
			buildSettings = {
				ASSETCATALOG_COMPILER_APPICON_NAME = AppIcon;
				ASSETCATALOG_COMPILER_GLOBAL_ACCENT_COLOR_NAME = AccentColor;
				CODE_SIGN_ENTITLEMENTS = macOS/macOS.entitlements;
				CODE_SIGN_STYLE = Automatic;
				COMBINE_HIDPI_IMAGES = YES;
				DEVELOPMENT_TEAM = XE778GA928;
				ENABLE_HARDENED_RUNTIME = YES;
				ENABLE_PREVIEWS = YES;
				INFOPLIST_FILE = macOS/Info.plist;
				LD_RUNPATH_SEARCH_PATHS = (
					"$(inherited)",
					"@executable_path/../Frameworks",
				);
				MACOSX_DEPLOYMENT_TARGET = 11.0;
				PRODUCT_BUNDLE_IDENTIFIER = com.akring.FontFace;
				PRODUCT_NAME = FontFace;
				SDKROOT = macosx;
				SWIFT_VERSION = 5.0;
			};
			name = Release;
		};
/* End XCBuildConfiguration section */

/* Begin XCConfigurationList section */
		57055705262C5E9F004A1FE3 /* Build configuration list for PBXProject "FontFace" */ = {
			isa = XCConfigurationList;
			buildConfigurations = (
				57055720262C5EA1004A1FE3 /* Debug */,
				57055721262C5EA1004A1FE3 /* Release */,
			);
			defaultConfigurationIsVisible = 0;
			defaultConfigurationName = Release;
		};
		57055722262C5EA1004A1FE3 /* Build configuration list for PBXNativeTarget "FontFace (iOS)" */ = {
			isa = XCConfigurationList;
			buildConfigurations = (
				57055723262C5EA1004A1FE3 /* Debug */,
				57055724262C5EA1004A1FE3 /* Release */,
			);
			defaultConfigurationIsVisible = 0;
			defaultConfigurationName = Release;
		};
		57055725262C5EA1004A1FE3 /* Build configuration list for PBXNativeTarget "FontFace (macOS)" */ = {
			isa = XCConfigurationList;
			buildConfigurations = (
				57055726262C5EA1004A1FE3 /* Debug */,
				57055727262C5EA1004A1FE3 /* Release */,
			);
			defaultConfigurationIsVisible = 0;
			defaultConfigurationName = Release;
		};
/* End XCConfigurationList section */
	};
	rootObject = 57055702262C5E9F004A1FE3 /* Project object */;
}
